version = 1
revision = 3
requires-python = ">=3.14"

[[package]]
name = "alt-ani-cli-win"
version = "0.1.0"
source = { editable = "." }
dependencies = [
    { name = "brotli" },
    { name = "colorama" },
    { name = "httpx", extra = ["http2"] },
    { name = "inquirerpy" },
    { name = "platformdirs" },
    { name = "rich" },
    { name = "selectolax" },
    { name = "yt-dlp" },
]

[package.dev-dependencies]
dev = [
    { name = "pytest" },
    { name = "pytest-mock" },
    { name = "respx" },
    { name = "ruff" },
    { name = "ty" },
]

[package.metadata]
requires-dist = [
    { name = "brotli", specifier = ">=1.2.0" },
    { name = "colorama", specifier = ">=0.4" },
    { name = "httpx", extras = ["http2"], specifier = ">=0.27" },
    { name = "inquirerpy", specifier = ">=0.3" },
    { name = "platformdirs", specifier = ">=4.0" },
    { name = "rich", specifier = ">=13.0" },
    { name = "selectolax", specifier = ">=0.3" },
    { name = "yt-dlp", specifier = ">=2024.1" },
]

[package.metadata.requires-dev]
dev = [
    { name = "pytest", specifier = ">=9.0.3" },
    { name = "pytest-mock", specifier = ">=3.15.1" },
    { name = "respx", specifier = ">=0.23.1" },
    { name = "ruff", specifier = ">=0.15.12" },
    { name = "ty", specifier = ">=0.0.32" },
]

[[package]]
name = "anyio"
version = "4.13.0"
source = { registry = "https://pypi.org/simple" }
dependencies = [
    { name = "idna" },
]
sdist = { url = "https://files.pythonhosted.org/packages/19/14/2c5dd9f512b66549ae92767a9c7b330ae88e1932ca57876909410251fe13/anyio-4.13.0.tar.gz", hash = "sha256:334b70e641fd2221c1505b3890c69882fe4a2df910cba14d97019b90b24439dc", size = 231622, upload-time = "2026-03-24T12:59:09.671Z" }
wheels = [
    { url = "https://files.pythonhosted.org/packages/da/42/e921fccf5015463e32a3cf6ee7f980a6ed0f395ceeaa45060b61d86486c2/anyio-4.13.0-py3-none-any.whl", hash = "sha256:08b310f9e24a9594186fd75b4f73f4a4152069e3853f1ed8bfbf58369f4ad708", size = 114353, upload-time = "2026-03-24T12:59:08.246Z" },
]

[[package]]
name = "brotli"
version = "1.2.0"
source = { registry = "https://pypi.org/simple" }
sdist = { url = "https://files.pythonhosted.org/packages/f7/16/c92ca344d646e71a43b8bb353f0a6490d7f6e06210f8554c8f874e454285/brotli-1.2.0.tar.gz", hash = "sha256:e310f77e41941c13340a95976fe66a8a95b01e783d430eeaf7a2f87e0a57dd0a", size = 7388632, upload-time = "2025-11-05T18:39:42.86Z" }
wheels = [
    { url = "https://files.pythonhosted.org/packages/17/e1/298c2ddf786bb7347a1cd71d63a347a79e5712a7c0cba9e3c3458ebd976f/brotli-1.2.0-cp314-cp314-macosx_10_15_universal2.whl", hash = "sha256:6c12dad5cd04530323e723787ff762bac749a7b256a5bece32b2243dd5c27b21", size = 863080, upload-time = "2025-11-05T18:38:45.503Z" },
    { url = "https://files.pythonhosted.org/packages/84/0c/aac98e286ba66868b2b3b50338ffbd85a35c7122e9531a73a37a29763d38/brotli-1.2.0-cp314-cp314-macosx_10_15_x86_64.whl", hash = "sha256:3219bd9e69868e57183316ee19c84e03e8f8b5a1d1f2667e1aa8c2f91cb061ac", size = 445453, upload-time = "2025-11-05T18:38:46.433Z" },
    { url = "https://files.pythonhosted.org/packages/ec/f1/0ca1f3f99ae300372635ab3fe2f7a79fa335fee3d874fa7f9e68575e0e62/brotli-1.2.0-cp314-cp314-manylinux2014_aarch64.manylinux_2_17_aarch64.manylinux_2_28_aarch64.whl", hash = "sha256:963a08f3bebd8b75ac57661045402da15991468a621f014be54e50f53a58d19e", size = 1528168, upload-time = "2025-11-05T18:38:47.371Z" },
    { url = "https://files.pythonhosted.org/packages/d6/a6/2ebfc8f766d46df8d3e65b880a2e220732395e6d7dc312c1e1244b0f074a/brotli-1.2.0-cp314-cp314-manylinux2014_ppc64le.manylinux_2_17_ppc64le.manylinux_2_28_ppc64le.whl", hash = "sha256:9322b9f8656782414b37e6af884146869d46ab85158201d82bab9abbcb971dc7", size = 1627098, upload-time = "2025-11-05T18:38:48.385Z" },
    { url = "https://files.pythonhosted.org/packages/f3/2f/0976d5b097ff8a22163b10617f76b2557f15f0f39d6a0fe1f02b1a53e92b/brotli-1.2.0-cp314-cp314-manylinux2014_x86_64.manylinux_2_17_x86_64.whl", hash = "sha256:cf9cba6f5b78a2071ec6fb1e7bd39acf35071d90a81231d67e92d637776a6a63", size = 1419861, upload-time = "2025-11-05T18:38:49.372Z" },
    { url = "https://files.pythonhosted.org/packages/9c/97/d76df7176a2ce7616ff94c1fb72d307c9a30d2189fe877f3dd99af00ea5a/brotli-1.2.0-cp314-cp314-musllinux_1_2_aarch64.whl", hash = "sha256:7547369c4392b47d30a3467fe8c3330b4f2e0f7730e45e3103d7d636678a808b", size = 1484594, upload-time = "2025-11-05T18:38:50.655Z" },
    { url = "https://files.pythonhosted.org/packages/d3/93/14cf0b1216f43df5609f5b272050b0abd219e0b54ea80b47cef9867b45e7/brotli-1.2.0-cp314-cp314-musllinux_1_2_ppc64le.whl", hash = "sha256:fc1530af5c3c275b8524f2e24841cbe2599d74462455e9bae5109e9ff42e9361", size = 1593455, upload-time = "2025-11-05T18:38:51.624Z" },
    { url = "https://files.pythonhosted.org/packages/b3/73/3183c9e41ca755713bdf2cc1d0810df742c09484e2e1ddd693bee53877c1/brotli-1.2.0-cp314-cp314-musllinux_1_2_x86_64.whl", hash = "sha256:d2d085ded05278d1c7f65560aae97b3160aeb2ea2c0b3e26204856beccb60888", size = 1488164, upload-time = "2025-11-05T18:38:53.079Z" },
    { url = "https://files.pythonhosted.org/packages/64/6a/0c78d8f3a582859236482fd9fa86a65a60328a00983006bcf6d83b7b2253/brotli-1.2.0-cp314-cp314-win32.whl", hash = "sha256:832c115a020e463c2f67664560449a7bea26b0c1fdd690352addad6d0a08714d", size = 339280, upload-time = "2025-11-05T18:38:54.02Z" },
    { url = "https://files.pythonhosted.org/packages/f5/10/56978295c14794b2c12007b07f3e41ba26acda9257457d7085b0bb3bb90c/brotli-1.2.0-cp314-cp314-win_amd64.whl", hash = "sha256:e7c0af964e0b4e3412a0ebf341ea26ec767fa0b4cf81abb5e897c9338b5ad6a3", size = 375639, upload-time = "2025-11-05T18:38:55.67Z" },
]

[[package]]
name = "certifi"
version = "2026.4.22"
source = { registry = "https://pypi.org/simple" }
sdist = { url = "https://files.pythonhosted.org/packages/25/ee/6caf7a40c36a1220410afe15a1cc64993a1f864871f698c0f93acb72842a/certifi-2026.4.22.tar.gz", hash = "sha256:8d455352a37b71bf76a79caa83a3d6c25afee4a385d632127b6afb3963f1c580", size = 137077, upload-time = "2026-04-22T11:26:11.191Z" }
wheels = [
    { url = "https://files.pythonhosted.org/packages/22/30/7cd8fdcdfbc5b869528b079bfb76dcdf6056b1a2097a662e5e8c04f42965/certifi-2026.4.22-py3-none-any.whl", hash = "sha256:3cb2210c8f88ba2318d29b0388d1023c8492ff72ecdde4ebdaddbb13a31b1c4a", size = 135707, upload-time = "2026-04-22T11:26:09.372Z" },
]

[[package]]
name = "colorama"
version = "0.4.6"
source = { registry = "https://pypi.org/simple" }
sdist = { url = "https://files.pythonhosted.org/packages/d8/53/6f443c9a4a8358a93a6792e2acffb9d9d5cb0a5cfd8802644b7b1c9a02e4/colorama-0.4.6.tar.gz", hash = "sha256:08695f5cb7ed6e0531a20572697297273c47b8cae5a63ffc6d6ed5c201be6e44", size = 27697, upload-time = "2022-10-25T02:36:22.414Z" }
wheels = [
    { url = "https://files.pythonhosted.org/packages/d1/d6/3965ed04c63042e047cb6a3e6ed1a63a35087b6a609aa3a15ed8ac56c221/colorama-0.4.6-py2.py3-none-any.whl", hash = "sha256:4f1d9991f5acc0ca119f9d443620b77f9d6b33703e51011c16baf57afb285fc6", size = 25335, upload-time = "2022-10-25T02:36:20.889Z" },
]

[[package]]
name = "h11"
version = "0.16.0"
source = { registry = "https://pypi.org/simple" }
sdist = { url = "https://files.pythonhosted.org/packages/01/ee/02a2c011bdab74c6fb3c75474d40b3052059d95df7e73351460c8588d963/h11-0.16.0.tar.gz", hash = "sha256:4e35b956cf45792e4caa5885e69fba00bdbc6ffafbfa020300e549b208ee5ff1", size = 101250, upload-time = "2025-04-24T03:35:25.427Z" }
wheels = [
    { url = "https://files.pythonhosted.org/packages/04/4b/29cac41a4d98d144bf5f6d33995617b185d14b22401f75ca86f384e87ff1/h11-0.16.0-py3-none-any.whl", hash = "sha256:63cf8bbe7522de3bf65932fda1d9c2772064ffb3dae62d55932da54b31cb6c86", size = 37515, upload-time = "2025-04-24T03:35:24.344Z" },
]

[[package]]
name = "h2"
version = "4.3.0"
source = { registry = "https://pypi.org/simple" }
dependencies = [
    { name = "hpack" },
    { name = "hyperframe" },
]
sdist = { url = "https://files.pythonhosted.org/packages/1d/17/afa56379f94ad0fe8defd37d6eb3f89a25404ffc71d4d848893d270325fc/h2-4.3.0.tar.gz", hash = "sha256:6c59efe4323fa18b47a632221a1888bd7fde6249819beda254aeca909f221bf1", size = 2152026, upload-time = "2025-08-23T18:12:19.778Z" }
wheels = [
    { url = "https://files.pythonhosted.org/packages/69/b2/119f6e6dcbd96f9069ce9a2665e0146588dc9f88f29549711853645e736a/h2-4.3.0-py3-none-any.whl", hash = "sha256:c438f029a25f7945c69e0ccf0fb951dc3f73a5f6412981daee861431b70e2bdd", size = 61779, upload-time = "2025-08-23T18:12:17.779Z" },
]

[[package]]
name = "hpack"
version = "4.1.0"
source = { registry = "https://pypi.org/simple" }
sdist = { url = "https://files.pythonhosted.org/packages/2c/48/71de9ed269fdae9c8057e5a4c0aa7402e8bb16f2c6e90b3aa53327b113f8/hpack-4.1.0.tar.gz", hash = "sha256:ec5eca154f7056aa06f196a557655c5b009b382873ac8d1e66e79e87535f1dca", size = 51276, upload-time = "2025-01-22T21:44:58.347Z" }
wheels = [
    { url = "https://files.pythonhosted.org/packages/07/c6/80c95b1b2b94682a72cbdbfb85b81ae2daffa4291fbfa1b1464502ede10d/hpack-4.1.0-py3-none-any.whl", hash = "sha256:157ac792668d995c657d93111f46b4535ed114f0c9c8d672271bbec7eae1b496", size = 34357, upload-time = "2025-01-22T21:44:56.92Z" },
]

[[package]]
name = "httpcore"
version = "1.0.9"
source = { registry = "https://pypi.org/simple" }
dependencies = [
    { name = "certifi" },
    { name = "h11" },
]
sdist = { url = "https://files.pythonhosted.org/packages/06/94/82699a10bca87a5556c9c59b5963f2d039dbd239f25bc2a63907a05a14cb/httpcore-1.0.9.tar.gz", hash = "sha256:6e34463af53fd2ab5d807f399a9b45ea31c3dfa2276f15a2c3f00afff6e176e8", size = 85484, upload-time = "2025-04-24T22:06:22.219Z" }
wheels = [
    { url = "https://files.pythonhosted.org/packages/7e/f5/f66802a942d491edb555dd61e3a9961140fd64c90bce1eafd741609d334d/httpcore-1.0.9-py3-none-any.whl", hash = "sha256:2d400746a40668fc9dec9810239072b40b4484b640a8c38fd654a024c7a1bf55", size = 78784, upload-time = "2025-04-24T22:06:20.566Z" },
]

[[package]]
name = "httpx"
version = "0.28.1"
source = { registry = "https://pypi.org/simple" }
dependencies = [
    { name = "anyio" },
    { name = "certifi" },
    { name = "httpcore" },
    { name = "idna" },
]
sdist = { url = "https://files.pythonhosted.org/packages/b1/df/48c586a5fe32a0f01324ee087459e112ebb7224f646c0b5023f5e79e9956/httpx-0.28.1.tar.gz", hash = "sha256:75e98c5f16b0f35b567856f597f06ff2270a374470a5c2392242528e3e3e42fc", size = 141406, upload-time = "2024-12-06T15:37:23.222Z" }
wheels = [
    { url = "https://files.pythonhosted.org/packages/2a/39/e50c7c3a983047577ee07d2a9e53faf5a69493943ec3f6a384bdc792deb2/httpx-0.28.1-py3-none-any.whl", hash = "sha256:d909fcccc110f8c7faf814ca82a9a4d816bc5a6dbfea25d6591d6985b8ba59ad", size = 73517, upload-time = "2024-12-06T15:37:21.509Z" },
]

[package.optional-dependencies]
http2 = [
    { name = "h2" },
]

[[package]]
name = "hyperframe"
version = "6.1.0"
source = { registry = "https://pypi.org/simple" }
sdist = { url = "https://files.pythonhosted.org/packages/02/e7/94f8232d4a74cc99514c13a9f995811485a6903d48e5d952771ef6322e30/hyperframe-6.1.0.tar.gz", hash = "sha256:f630908a00854a7adeabd6382b43923a4c4cd4b821fcb527e6ab9e15382a3b08", size = 26566, upload-time = "2025-01-22T21:41:49.302Z" }
wheels = [
    { url = "https://files.pythonhosted.org/packages/48/30/47d0bf6072f7252e6521f3447ccfa40b421b6824517f82854703d0f5a98b/hyperframe-6.1.0-py3-none-any.whl", hash = "sha256:b03380493a519fce58ea5af42e4a42317bf9bd425596f7a0835ffce80f1a42e5", size = 13007, upload-time = "2025-01-22T21:41:47.295Z" },
]

[[package]]
name = "idna"
version = "3.13"
source = { registry = "https://pypi.org/simple" }
sdist = { url = "https://files.pythonhosted.org/packages/ce/cc/762dfb036166873f0059f3b7de4565e1b5bc3d6f28a414c13da27e442f99/idna-3.13.tar.gz", hash = "sha256:585ea8fe5d69b9181ec1afba340451fba6ba764af97026f92a91d4eef164a242", size = 194210, upload-time = "2026-04-22T16:42:42.314Z" }
wheels = [
    { url = "https://files.pythonhosted.org/packages/5d/13/ad7d7ca3808a898b4612b6fe93cde56b53f3034dcde235acb1f0e1df24c6/idna-3.13-py3-none-any.whl", hash = "sha256:892ea0cde124a99ce773decba204c5552b69c3c67ffd5f232eb7696135bc8bb3", size = 68629, upload-time = "2026-04-22T16:42:40.909Z" },
]

[[package]]
name = "iniconfig"
version = "2.3.0"
source = { registry = "https://pypi.org/simple" }
sdist = { url = "https://files.pythonhosted.org/packages/72/34/14ca021ce8e5dfedc35312d08ba8bf51fdd999c576889fc2c24cb97f4f10/iniconfig-2.3.0.tar.gz", hash = "sha256:c76315c77db068650d49c5b56314774a7804df16fee4402c1f19d6d15d8c4730", size = 20503, upload-time = "2025-10-18T21:55:43.219Z" }
wheels = [
    { url = "https://files.pythonhosted.org/packages/cb/b1/3846dd7f199d53cb17f49cba7e651e9ce294d8497c8c150530ed11865bb8/iniconfig-2.3.0-py3-none-any.whl", hash = "sha256:f631c04d2c48c52b84d0d0549c99ff3859c98df65b3101406327ecc7d53fbf12", size = 7484, upload-time = "2025-10-18T21:55:41.639Z" },
]

[[package]]
name = "inquirerpy"
version = "0.3.4"
source = { registry = "https://pypi.org/simple" }
dependencies = [
    { name = "pfzy" },
    { name = "prompt-toolkit" },
]
sdist = { url = "https://files.pythonhosted.org/packages/64/73/7570847b9da026e07053da3bbe2ac7ea6cde6bb2cbd3c7a5a950fa0ae40b/InquirerPy-0.3.4.tar.gz", hash = "sha256:89d2ada0111f337483cb41ae31073108b2ec1e618a49d7110b0d7ade89fc197e", size = 44431, upload-time = "2022-06-27T23:11:20.598Z" }
wheels = [
    { url = "https://files.pythonhosted.org/packages/ce/ff/3b59672c47c6284e8005b42e84ceba13864aa0f39f067c973d1af02f5d91/InquirerPy-0.3.4-py3-none-any.whl", hash = "sha256:c65fdfbac1fa00e3ee4fb10679f4d3ed7a012abf4833910e63c295827fe2a7d4", size = 67677, upload-time = "2022-06-27T23:11:17.723Z" },
]

[[package]]
name = "markdown-it-py"
version = "4.0.0"
source = { registry = "https://pypi.org/simple" }
dependencies = [
    { name = "mdurl" },
]
sdist = { url = "https://files.pythonhosted.org/packages/5b/f5/4ec618ed16cc4f8fb3b701563655a69816155e79e24a17b651541804721d/markdown_it_py-4.0.0.tar.gz", hash = "sha256:cb0a2b4aa34f932c007117b194e945bd74e0ec24133ceb5bac59009cda1cb9f3", size = 73070, upload-time = "2025-08-11T12:57:52.854Z" }
wheels = [
    { url = "https://files.pythonhosted.org/packages/94/54/e7d793b573f298e1c9013b8c4dade17d481164aa517d1d7148619c2cedbf/markdown_it_py-4.0.0-py3-none-any.whl", hash = "sha256:87327c59b172c5011896038353a81343b6754500a08cd7a4973bb48c6d578147", size = 87321, upload-time = "2025-08-11T12:57:51.923Z" },
]

[[package]]
name = "mdurl"
version = "0.1.2"
source = { registry = "https://pypi.org/simple" }
sdist = { url = "https://files.pythonhosted.org/packages/d6/54/cfe61301667036ec958cb99bd3efefba235e65cdeb9c84d24a8293ba1d90/mdurl-0.1.2.tar.gz", hash = "sha256:bb413d29f5eea38f31dd4754dd7377d4465116fb207585f97bf925588687c1ba", size = 8729, upload-time = "2022-08-14T12:40:10.846Z" }
wheels = [
    { url = "https://files.pythonhosted.org/packages/b3/38/89ba8ad64ae25be8de66a6d463314cf1eb366222074cfda9ee839c56a4b4/mdurl-0.1.2-py3-none-any.whl", hash = "sha256:84008a41e51615a49fc9966191ff91509e3c40b939176e643fd50a5c2196b8f8", size = 9979, upload-time = "2022-08-14T12:40:09.779Z" },
]

[[package]]
name = "packaging"
version = "26.2"
source = { registry = "https://pypi.org/simple" }
sdist = { url = "https://files.pythonhosted.org/packages/d7/f1/e7a6dd94a8d4a5626c03e4e99c87f241ba9e350cd9e6d75123f992427270/packaging-26.2.tar.gz", hash = "sha256:ff452ff5a3e828ce110190feff1178bb1f2ea2281fa2075aadb987c2fb221661", size = 228134, upload-time = "2026-04-24T20:15:23.917Z" }
wheels = [
    { url = "https://files.pythonhosted.org/packages/df/b2/87e62e8c3e2f4b32e5fe99e0b86d576da1312593b39f47d8ceef365e95ed/packaging-26.2-py3-none-any.whl", hash = "sha256:5fc45236b9446107ff2415ce77c807cee2862cb6fac22b8a73826d0693b0980e", size = 100195, upload-time = "2026-04-24T20:15:22.081Z" },
]

[[package]]
name = "pfzy"
version = "0.3.4"
source = { registry = "https://pypi.org/simple" }
sdist = { url = "https://files.pythonhosted.org/packages/d9/5a/32b50c077c86bfccc7bed4881c5a2b823518f5450a30e639db5d3711952e/pfzy-0.3.4.tar.gz", hash = "sha256:717ea765dd10b63618e7298b2d98efd819e0b30cd5905c9707223dceeb94b3f1", size = 8396, upload-time = "2022-01-28T02:26:17.946Z" }
wheels = [
    { url = "https://files.pythonhosted.org/packages/8c/d7/8ff98376b1acc4503253b685ea09981697385ce344d4e3935c2af49e044d/pfzy-0.3.4-py3-none-any.whl", hash = "sha256:5f50d5b2b3207fa72e7ec0ef08372ef652685470974a107d0d4999fc5a903a96", size = 8537, upload-time = "2022-01-28T02:26:16.047Z" },
]

[[package]]
name = "platformdirs"
version = "4.9.6"
source = { registry = "https://pypi.org/simple" }
sdist = { url = "https://files.pythonhosted.org/packages/9f/4a/0883b8e3802965322523f0b200ecf33d31f10991d0401162f4b23c698b42/platformdirs-4.9.6.tar.gz", hash = "sha256:3bfa75b0ad0db84096ae777218481852c0ebc6c727b3168c1b9e0118e458cf0a", size = 29400, upload-time = "2026-04-09T00:04:10.812Z" }
wheels = [
    { url = "https://files.pythonhosted.org/packages/75/a6/a0a304dc33b49145b21f4808d763822111e67d1c3a32b524a1baf947b6e1/platformdirs-4.9.6-py3-none-any.whl", hash = "sha256:e61adb1d5e5cb3441b4b7710bea7e4c12250ca49439228cc1021c00dcfac0917", size = 21348, upload-time = "2026-04-09T00:04:09.463Z" },
]

[[package]]
name = "pluggy"
version = "1.6.0"
source = { registry = "https://pypi.org/simple" }
sdist = { url = "https://files.pythonhosted.org/packages/f9/e2/3e91f31a7d2b083fe6ef3fa267035b518369d9511ffab804f839851d2779/pluggy-1.6.0.tar.gz", hash = "sha256:7dcc130b76258d33b90f61b658791dede3486c3e6bfb003ee5c9bfb396dd22f3", size = 69412, upload-time = "2025-05-15T12:30:07.975Z" }
wheels = [
    { url = "https://files.pythonhosted.org/packages/54/20/4d324d65cc6d9205fabedc306948156824eb9f0ee1633355a8f7ec5c66bf/pluggy-1.6.0-py3-none-any.whl", hash = "sha256:e920276dd6813095e9377c0bc5566d94c932c33b27a3e3945d8389c374dd4746", size = 20538, upload-time = "2025-05-15T12:30:06.134Z" },
]

[[package]]
name = "prompt-toolkit"
version = "3.0.52"
source = { registry = "https://pypi.org/simple" }
dependencies = [
    { name = "wcwidth" },
]
sdist = { url = "https://files.pythonhosted.org/packages/a1/96/06e01a7b38dce6fe1db213e061a4602dd6032a8a97ef6c1a862537732421/prompt_toolkit-3.0.52.tar.gz", hash = "sha256:28cde192929c8e7321de85de1ddbe736f1375148b02f2e17edd840042b1be855", size = 434198, upload-time = "2025-08-27T15:24:02.057Z" }
wheels = [
    { url = "https://files.pythonhosted.org/packages/84/03/0d3ce49e2505ae70cf43bc5bb3033955d2fc9f932163e84dc0779cc47f48/prompt_toolkit-3.0.52-py3-none-any.whl", hash = "sha256:9aac639a3bbd33284347de5ad8d68ecc044b91a762dc39b7c21095fcd6a19955", size = 391431, upload-time = "2025-08-27T15:23:59.498Z" },
]

[[package]]
name = "pygments"
version = "2.20.0"
source = { registry = "https://pypi.org/simple" }
sdist = { url = "https://files.pythonhosted.org/packages/c3/b2/bc9c9196916376152d655522fdcebac55e66de6603a76a02bca1b6414f6c/pygments-2.20.0.tar.gz", hash = "sha256:6757cd03768053ff99f3039c1a36d6c0aa0b263438fcab17520b30a303a82b5f", size = 4955991, upload-time = "2026-03-29T13:29:33.898Z" }
wheels = [
    { url = "https://files.pythonhosted.org/packages/f4/7e/a72dd26f3b0f4f2bf1dd8923c85f7ceb43172af56d63c7383eb62b332364/pygments-2.20.0-py3-none-any.whl", hash = "sha256:81a9e26dd42fd28a23a2d169d86d7ac03b46e2f8b59ed4698fb4785f946d0176", size = 1231151, upload-time = "2026-03-29T13:29:30.038Z" },
]

[[package]]
name = "pytest"
version = "9.0.3"
source = { registry = "https://pypi.org/simple" }
dependencies = [
    { name = "colorama", marker = "sys_platform == 'win32'" },
    { name = "iniconfig" },
    { name = "packaging" },
    { name = "pluggy" },
    { name = "pygments" },
]
sdist = { url = "https://files.pythonhosted.org/packages/7d/0d/549bd94f1a0a402dc8cf64563a117c0f3765662e2e668477624baeec44d5/pytest-9.0.3.tar.gz", hash = "sha256:b86ada508af81d19edeb213c681b1d48246c1a91d304c6c81a427674c17eb91c", size = 1572165, upload-time = "2026-04-07T17:16:18.027Z" }
wheels = [
    { url = "https://files.pythonhosted.org/packages/d4/24/a372aaf5c9b7208e7112038812994107bc65a84cd00e0354a88c2c77a617/pytest-9.0.3-py3-none-any.whl", hash = "sha256:2c5efc453d45394fdd706ade797c0a81091eccd1d6e4bccfcd476e2b8e0ab5d9", size = 375249, upload-time = "2026-04-07T17:16:16.13Z" },
]

[[package]]
name = "pytest-mock"
version = "3.15.1"
source = { registry = "https://pypi.org/simple" }
dependencies = [
    { name = "pytest" },
]
sdist = { url = "https://files.pythonhosted.org/packages/68/14/eb014d26be205d38ad5ad20d9a80f7d201472e08167f0bb4361e251084a9/pytest_mock-3.15.1.tar.gz", hash = "sha256:1849a238f6f396da19762269de72cb1814ab44416fa73a8686deac10b0d87a0f", size = 34036, upload-time = "2025-09-16T16:37:27.081Z" }
wheels = [
    { url = "https://files.pythonhosted.org/packages/5a/cc/06253936f4a7fa2e0f48dfe6d851d9c56df896a9ab09ac019d70b760619c/pytest_mock-3.15.1-py3-none-any.whl", hash = "sha256:0a25e2eb88fe5168d535041d09a4529a188176ae608a6d249ee65abc0949630d", size = 10095, upload-time = "2025-09-16T16:37:25.734Z" },
]

[[package]]
name = "respx"
version = "0.23.1"
source = { registry = "https://pypi.org/simple" }
dependencies = [
    { name = "httpx" },
]
sdist = { url = "https://files.pythonhosted.org/packages/43/98/4e55c9c486404ec12373708d015ebce157966965a5ebe7f28ff2c784d41b/respx-0.23.1.tar.gz", hash = "sha256:242dcc6ce6b5b9bf621f5870c82a63997e8e82bc7c947f9ffe272b8f3dd5a780", size = 29243, upload-time = "2026-04-08T14:37:16.008Z" }
wheels = [
    { url = "https://files.pythonhosted.org/packages/1d/4a/221da6ca167db45693d8d26c7dc79ccfc978a440251bf6721c9aaf251ac0/respx-0.23.1-py2.py3-none-any.whl", hash = "sha256:b18004b029935384bccfa6d7d9d74b4ec9af73a081cc28600fffc0447f4b8c1a", size = 25557, upload-time = "2026-04-08T14:37:14.613Z" },
]

[[package]]
name = "rich"
version = "15.0.0"
source = { registry = "https://pypi.org/simple" }
dependencies = [
    { name = "markdown-it-py" },
    { name = "pygments" },
]
sdist = { url = "https://files.pythonhosted.org/packages/c0/8f/0722ca900cc807c13a6a0c696dacf35430f72e0ec571c4275d2371fca3e9/rich-15.0.0.tar.gz", hash = "sha256:edd07a4824c6b40189fb7ac9bc4c52536e9780fbbfbddf6f1e2502c31b068c36", size = 230680, upload-time = "2026-04-12T08:24:00.75Z" }
wheels = [
    { url = "https://files.pythonhosted.org/packages/82/3b/64d4899d73f91ba49a8c18a8ff3f0ea8f1c1d75481760df8c68ef5235bf5/rich-15.0.0-py3-none-any.whl", hash = "sha256:33bd4ef74232fb73fe9279a257718407f169c09b78a87ad3d296f548e27de0bb", size = 310654, upload-time = "2026-04-12T08:24:02.83Z" },
]

[[package]]
name = "ruff"
version = "0.15.12"
source = { registry = "https://pypi.org/simple" }
sdist = { url = "https://files.pythonhosted.org/packages/99/43/3291f1cc9106f4c63bdce7a8d0df5047fe8422a75b091c16b5e9355e0b11/ruff-0.15.12.tar.gz", hash = "sha256:ecea26adb26b4232c0c2ca19ccbc0083a68344180bba2a600605538ce51a40a6", size = 4643852, upload-time = "2026-04-24T18:17:14.305Z" }
wheels = [
    { url = "https://files.pythonhosted.org/packages/c3/6e/e78ffb61d4686f3d96ba3df2c801161843746dcbcbb17a1e927d4829312b/ruff-0.15.12-py3-none-linux_armv6l.whl", hash = "sha256:f86f176e188e94d6bdbc09f09bfd9dc729059ad93d0e7390b5a73efe19f8861c", size = 10640713, upload-time = "2026-04-24T18:17:22.841Z" },
    { url = "https://files.pythonhosted.org/packages/ae/08/a317bc231fb9e7b93e4ef3089501e51922ff88d6936ce5cf870c4fe55419/ruff-0.15.12-py3-none-macosx_10_12_x86_64.whl", hash = "sha256:e3bcd123364c3770b8e1b7baaf343cc99a35f197c5c6e8af79015c666c423a6c", size = 11069267, upload-time = "2026-04-24T18:17:30.105Z" },
    { url = "https://files.pythonhosted.org/packages/aa/a4/f828e9718d3dce1f5f11c39c4f65afd32783c8b2aebb2e3d259e492c47bd/ruff-0.15.12-py3-none-macosx_11_0_arm64.whl", hash = "sha256:fe87510d000220aa1ed530d4448a7c696a0cae1213e5ec30e5874287b66557b5", size = 10397182, upload-time = "2026-04-24T18:17:07.177Z" },
    { url = "https://files.pythonhosted.org/packages/71/e0/3310fc6d1b5e1fdea22bf3b1b807c7e187b581021b0d7d4514cccdb5fb71/ruff-0.15.12-py3-none-manylinux_2_17_aarch64.manylinux2014_aarch64.whl", hash = "sha256:84a1630093121375a3e2a95b4a6dc7b59e2b4ee76216e32d81aae550a832d002", size = 10758012, upload-time = "2026-04-24T18:16:55.759Z" },
    { url = "https://files.pythonhosted.org/packages/11/c1/a606911aee04c324ddaa883ae418f3569792fd3c4a10c50e0dd0a2311e1e/ruff-0.15.12-py3-none-manylinux_2_17_armv7l.manylinux2014_armv7l.whl", hash = "sha256:fb129f40f114f089ebe0ca56c0d251cf2061b17651d464bb6478dc01e69f11f5", size = 10447479, upload-time = "2026-04-24T18:16:51.677Z" },
    { url = "https://files.pythonhosted.org/packages/9d/68/4201e8444f0894f21ab4aeeaee68aa4f10b51613514a20d80bd628d57e88/ruff-0.15.12-py3-none-manylinux_2_17_i686.manylinux2014_i686.whl", hash = "sha256:b0c862b172d695db7598426b8af465e7e9ac00a3ea2a3630ee67eb82e366aaa6", size = 11234040, upload-time = "2026-04-24T18:17:16.529Z" },
    { url = "https://files.pythonhosted.org/packages/34/ff/8a6d6cf4ccc23fd67060874e832c18919d1557a0611ebef03fdb01fff11e/ruff-0.15.12-py3-none-manylinux_2_17_ppc64le.manylinux2014_ppc64le.whl", hash = "sha256:2849ea9f3484c3aca43a82f484210370319e7170df4dfe4843395ddf6c57bc33", size = 12087377, upload-time = "2026-04-24T18:17:04.944Z" },
    { url = "https://files.pythonhosted.org/packages/85/f6/c669cf73f5152f623d34e69866a46d5e6185816b19fcd5b6dd8a2d299922/ruff-0.15.12-py3-none-manylinux_2_17_s390x.manylinux2014_s390x.whl", hash = "sha256:9e77c7e51c07fe396826d5969a5b846d9cd4c402535835fb6e21ce8b28fef847", size = 11367784, upload-time = "2026-04-24T18:17:25.409Z" },
    { url = "https://files.pythonhosted.org/packages/e8/39/c61d193b8a1daaa8977f7dea9e8d8ba866e02ea7b65d32f6861693aa4c12/ruff-0.15.12-py3-none-manylinux_2_17_x86_64.manylinux2014_x86_64.whl", hash = "sha256:83b2f4f2f3b1026b5fb449b467d9264bf22067b600f7b6f41fc5958909f449d0", size = 11344088, upload-time = "2026-04-24T18:17:12.258Z" },
    { url = "https://files.pythonhosted.org/packages/c2/8d/49afab3645e31e12c590acb6d3b5b69d7aab5b81926dbaf7461f9441f37a/ruff-0.15.12-py3-none-manylinux_2_31_riscv64.whl", hash = "sha256:9ba3b8f1afd7e2e43d8943e55f249e13f9682fde09711644a6e7290eb4f3e339", size = 11271770, upload-time = "2026-04-24T18:17:02.457Z" },
    { url = "https://files.pythonhosted.org/packages/46/06/33f41fe94403e2b755481cdfb9b7ef3e4e0ed031c4581124658d935d52b4/ruff-0.15.12-py3-none-musllinux_1_2_aarch64.whl", hash = "sha256:e852ba9fdc890655e1d78f2df1499efbe0e54126bd405362154a75e2bde159c5", size = 10719355, upload-time = "2026-04-24T18:17:27.648Z" },
    { url = "https://files.pythonhosted.org/packages/0d/59/18aa4e014debbf559670e4048e39260a85c7fcee84acfd761ac01e7b8d35/ruff-0.15.12-py3-none-musllinux_1_2_armv7l.whl", hash = "sha256:dd8aed930da53780d22fc70bdf84452c843cf64f8cb4eb38984319c24c5cd5fd", size = 10462758, upload-time = "2026-04-24T18:17:32.347Z" },
    { url = "https://files.pythonhosted.org/packages/25/e7/cc9f16fd0f3b5fddcbd7ec3d6ae30c8f3fde1047f32a4093a98d633c6570/ruff-0.15.12-py3-none-musllinux_1_2_i686.whl", hash = "sha256:01da3988d225628b709493d7dc67c3b9b12c0210016b08690ef9bd27970b262b", size = 10953498, upload-time = "2026-04-24T18:17:20.674Z" },
    { url = "https://files.pythonhosted.org/packages/72/7a/a9ba7f98c7a575978698f4230c5e8cc54bbc761af34f560818f933dafa0c/ruff-0.15.12-py3-none-musllinux_1_2_x86_64.whl", hash = "sha256:9cae0f92bd5700d1213188b31cd3bdd2b315361296d10b96b8e2337d3d11f53e", size = 11447765, upload-time = "2026-04-24T18:17:09.755Z" },
    { url = "https://files.pythonhosted.org/packages/ea/f9/0ae446942c846b8266059ad8a30702a35afae55f5cdc54c5adf8d7afdc27/ruff-0.15.12-py3-none-win32.whl", hash = "sha256:d0185894e038d7043ba8fd6aee7499ece6462dc0ea9f1e260c7451807c714c20", size = 10657277, upload-time = "2026-04-24T18:17:18.591Z" },
    { url = "https://files.pythonhosted.org/packages/33/f1/9614e03e1cdcbf9437570b5400ced8a720b5db22b28d8e0f1bda429f660d/ruff-0.15.12-py3-none-win_amd64.whl", hash = "sha256:c87a162d61ab3adca47c03f7f717c68672edec7d1b5499e652331780fe74950d", size = 11837758, upload-time = "2026-04-24T18:17:00.113Z" },
    { url = "https://files.pythonhosted.org/packages/c0/98/6beb4b351e472e5f4c4613f7c35a5290b8be2497e183825310c4c3a3984b/ruff-0.15.12-py3-none-win_arm64.whl", hash = "sha256:a538f7a82d061cee7be55542aca1d86d1393d55d81d4fcc314370f4340930d4f", size = 11120821, upload-time = "2026-04-24T18:16:57.979Z" },
]

[[package]]
name = "selectolax"
version = "0.4.7"
source = { registry = "https://pypi.org/simple" }
sdist = { url = "https://files.pythonhosted.org/packages/3b/5c/bf049c4aec4c102977abcac68a90dfb1031edc225e9a754fe2c7e624a2d2/selectolax-0.4.7.tar.gz", hash = "sha256:17f7ba5a21714d450b4eea0451608a36be2bba8d327990ddbda812eb3f36fa51", size = 4822635, upload-time = "2026-03-06T09:25:15.411Z" }
wheels = [
    { url = "https://files.pythonhosted.org/packages/35/5a/76f9ee49b4bbb27ebe2d3b26ad84b6887f41d181dd8682278ccea50ed75f/selectolax-0.4.7-cp314-cp314-macosx_10_13_x86_64.whl", hash = "sha256:9f29ad4506fe84152391998ae5b05aaae80d237795567009a518496d0daf4908", size = 2078520, upload-time = "2026-03-06T09:24:33.283Z" },
    { url = "https://files.pythonhosted.org/packages/d6/7d/bcc37be0537802f8d94e61d30f4d36130afa2ae2fa59758b534e4bbe80e7/selectolax-0.4.7-cp314-cp314-macosx_11_0_arm64.whl", hash = "sha256:2f19bb52c27f526d89383ec178daa31fcb93dbec90106bfb3e2d43c2970f3b72", size = 2076219, upload-time = "2026-03-06T09:24:34.802Z" },
    { url = "https://files.pythonhosted.org/packages/1a/4c/544385da484f6a3b8ba70ea4ad15a121adb0cf2b55b74f2560b8e01f44cc/selectolax-0.4.7-cp314-cp314-manylinux2014_aarch64.manylinux_2_17_aarch64.manylinux_2_28_aarch64.whl", hash = "sha256:5a6735711f492532a83df6d501e8647feea48d893e703f0354e61ba868757f9b", size = 2255094, upload-time = "2026-03-06T09:24:36.708Z" },
    { url = "https://files.pythonhosted.org/packages/f7/e7/bbb13633f4378dbc390c874be4321fd4d09388a44b66f1c26625730030ba/selectolax-0.4.7-cp314-cp314-manylinux2014_x86_64.manylinux_2_17_x86_64.manylinux_2_28_x86_64.whl", hash = "sha256:ea46dbb3592ec0aa78662ecdcac8c083313dafbc6bd8277620b8301db658d638", size = 2289342, upload-time = "2026-03-06T09:24:38.429Z" },
    { url = "https://files.pythonhosted.org/packages/77/1b/c1fc7711ad8b1c3b60a987fa258d47cb93a8b3b9f21ca8a6aa24e5e7705c/selectolax-0.4.7-cp314-cp314-musllinux_1_2_aarch64.whl", hash = "sha256:a4782cc1e162ca422a325302cdad344cd853cfde19004b870e5b6c3df651abab", size = 2285919, upload-time = "2026-03-06T09:24:39.927Z" },
    { url = "https://files.pythonhosted.org/packages/fa/51/d5f8bc697c84bdae90c6d5fd038662d3509879c28f2076ef70fdbd0ab61a/selectolax-0.4.7-cp314-cp314-musllinux_1_2_x86_64.whl", hash = "sha256:8e7f847b38195c45f6f6c966df5d8600ab9d522df632d61b28db2edd92deeb3c", size = 2313967, upload-time = "2026-03-06T09:24:41.627Z" },
    { url = "https://files.pythonhosted.org/packages/d9/01/277d3c3fa5d3c669bf8d20bd12fcde50258408dc4bd9e3f8c5fc2d28fcd6/selectolax-0.4.7-cp314-cp314-win32.whl", hash = "sha256:eaf2e15076fa7e2e5fe7c3b5a88e54b14bbd49a53da983534f6cb448f3f0e300", size = 1846621, upload-time = "2026-03-06T09:24:43.074Z" },
    { url = "https://files.pythonhosted.org/packages/52/c6/5b4ae2b211161b597cc6bc02e517616d045a859dbfa98b2c0dd372614bf9/selectolax-0.4.7-cp314-cp314-win_amd64.whl", hash = "sha256:87bd651514491b9bdd8254e71295e43b790575021b87ebc2351ed6a2aeaa9313", size = 1943489, upload-time = "2026-03-06T09:24:45.049Z" },
    { url = "https://files.pythonhosted.org/packages/4a/c6/ab1544bbc731e653dd59dcb4f497fccbede8c84af3783c4f340ef1d6b606/selectolax-0.4.7-cp314-cp314-win_arm64.whl", hash = "sha256:771710fe52b082804d959944e3e0fe67f094ea1bf81669b4f654b957a7490d95", size = 1896489, upload-time = "2026-03-06T09:24:46.496Z" },
    { url = "https://files.pythonhosted.org/packages/83/77/59593bfd132f6af138720c09cae3f0969d3f5366e3457c5309ab9c020d92/selectolax-0.4.7-cp314-cp314t-macosx_10_13_x86_64.whl", hash = "sha256:8edbec5ad8a51cb60e6761231d88d34ed3a8158db3ae1f448aede2d146111d0f", size = 2098945, upload-time = "2026-03-06T09:24:47.935Z" },
    { url = "https://files.pythonhosted.org/packages/7d/74/90d0718b9f7898aa422ae5f9969fb43b3c5abc543cfd4eb64987aa052fe4/selectolax-0.4.7-cp314-cp314t-macosx_11_0_arm64.whl", hash = "sha256:2c275e5e5579e308a09ae77922c468a8ca63666534d00a42ebfd912f3c842a2e", size = 2098041, upload-time = "2026-03-06T09:24:49.377Z" },
    { url = "https://files.pythonhosted.org/packages/f9/bc/bbe7c98a3eb4b83e164c56a3245a272427b2d03672a18456bd96325a1929/selectolax-0.4.7-cp314-cp314t-manylinux2014_aarch64.manylinux_2_17_aarch64.manylinux_2_28_aarch64.whl", hash = "sha256:d9591ec48af16003a79db89f070688fe0fb68d2c16ac6b479b0ee8b78eb4e486", size = 2263047, upload-time = "2026-03-06T09:24:50.743Z" },
    { url = "https://files.pythonhosted.org/packages/de/0e/5929821c7f7a9c9a753feef59433ba16a0ca8e5f8f7ac0efa2dea6a84edf/selectolax-0.4.7-cp314-cp314t-manylinux2014_x86_64.manylinux_2_17_x86_64.manylinux_2_28_x86_64.whl", hash = "sha256:fc504cad873bc4e95fca9141008ccf0d5e44350dfe450b71ccee86bd0b7b0572", size = 2290751, upload-time = "2026-03-06T09:24:52.088Z" },
    { url = "https://files.pythonhosted.org/packages/34/30/3426668e83dcaf7f8fac3117140119556436e8de00de4ebbfde5bbf56d45/selectolax-0.4.7-cp314-cp314t-musllinux_1_2_aarch64.whl", hash = "sha256:64de787422ad342b35fef86e488d8b76d70fc3266cb74dfc154d4a89291c62b1", size = 2297728, upload-time = "2026-03-06T09:24:53.494Z" },
    { url = "https://files.pythonhosted.org/packages/48/a7/a1937960cf98bf3cdc32963fb3ed30ee6364cf8e4c458bba21ca8cf98308/selectolax-0.4.7-cp314-cp314t-musllinux_1_2_x86_64.whl", hash = "sha256:eb2757147ba48c2ac75ad79ad47e4b4d9e7ddb08ac614b90347cdff6b98c860b", size = 2315531, upload-time = "2026-03-06T09:24:54.929Z" },
    { url = "https://files.pythonhosted.org/packages/8a/64/1f699580093cc0582c07124137bdb78162086d7ef822dabbad2a2b051793/selectolax-0.4.7-cp314-cp314t-win32.whl", hash = "sha256:da9afa778ebce19c48de1e6fe5ff5bf7c719cd7f9cd14e5d530bd00ec15b149f", size = 1900408, upload-time = "2026-03-06T09:24:56.294Z" },
    { url = "https://files.pythonhosted.org/packages/26/df/1035432c42eb76feaf696b7318411be908dab01b5b2907566c820d390fdb/selectolax-0.4.7-cp314-cp314t-win_amd64.whl", hash = "sha256:ad71d3b31ceb49820787d19d983e2851835ad03bbfd302c6e243a97215e36557", size = 2011199, upload-time = "2026-03-06T09:24:57.736Z" },
    { url = "https://files.pythonhosted.org/packages/61/99/d4de702bdd436e108891df2105adb7c6f44a11833a88c08686b18d4a6693/selectolax-0.4.7-cp314-cp314t-win_arm64.whl", hash = "sha256:85e4ada1c4a3a69e503c9866e74bce24e716bd0ada060c7c2b56677d4f073928", size = 1915624, upload-time = "2026-03-06T09:24:59.406Z" },
]

[[package]]
name = "ty"
version = "0.0.32"
source = { registry = "https://pypi.org/simple" }
sdist = { url = "https://files.pythonhosted.org/packages/85/7e/2aa791c9ae7b8cd5024cd4122e92267f664ca954cea3def3211919fa3c1f/ty-0.0.32.tar.gz", hash = "sha256:8743174c5f920f6700a4a0c9de140109189192ba16226884cd50095b43b8a45c", size = 5522294, upload-time = "2026-04-20T19:29:01.626Z" }
wheels = [
    { url = "https://files.pythonhosted.org/packages/62/eb/1075dc6a49d7acbe2584ae4d5b410c41b1f177a5adcc567e09eca4c69000/ty-0.0.32-py3-none-linux_armv6l.whl", hash = "sha256:dacbc2f6cd698d488ae7436838ff929570455bf94bfa4d9fe57a630c552aff83", size = 10902959, upload-time = "2026-04-20T19:28:31.907Z" },
    { url = "https://files.pythonhosted.org/packages/33/d2/c35fc8bc66e98d1ee9b0f8ed319bf743e450e1f1e997574b178fab75670f/ty-0.0.32-py3-none-macosx_10_12_x86_64.whl", hash = "sha256:914bbc4f605ce2a9e2a78982e28fae1d3359a169d141f9dc3b4c7749cd5eca81", size = 10726172, upload-time = "2026-04-20T19:28:44.765Z" },
    { url = "https://files.pythonhosted.org/packages/96/32/c827da3ca480456fb02d8cea68a2609273b6c220fea0be9a4c8d8470b86e/ty-0.0.32-py3-none-macosx_11_0_arm64.whl", hash = "sha256:4787ac9fe1f86b1f3133f5c6732adbe2df5668b50c679ac6e2d98cd284da812f", size = 10163701, upload-time = "2026-04-20T19:28:27.005Z" },
    { url = "https://files.pythonhosted.org/packages/ba/9e/2734478fbdb90c160cb2813a3916a16a2af5c1e231f87d635f6131d781fb/ty-0.0.32-py3-none-manylinux_2_17_aarch64.manylinux2014_aarch64.whl", hash = "sha256:d8ea0a728af99fe40dd744cba6441a2404f80b7f4bde17aa6da393810af5ea57", size = 10656220, upload-time = "2026-04-20T19:29:03.814Z" },
    { url = "https://files.pythonhosted.org/packages/44/9f/0007da2d35e424debe7e9f86ffbc1ab7f60983cfbc5f0411324ab2de5292/ty-0.0.32-py3-none-manylinux_2_17_armv7l.manylinux2014_armv7l.whl", hash = "sha256:2850561f9b018ae33d7e5bbfa0ac414d3c518513edcffe43877dc9801446b9c5", size = 10696086, upload-time = "2026-04-20T19:28:46.829Z" },
    { url = "https://files.pythonhosted.org/packages/3b/5e/ce5fd4ec803222ae3e69a76d2a2db2eed55e19f5b131702b9789ef45f93d/ty-0.0.32-py3-none-manylinux_2_17_i686.manylinux2014_i686.whl", hash = "sha256:b5fa2fb3c614349ee211d36476b49d88c5ef79a687cdb91b2872ad023b94d2f8", size = 11184800, upload-time = "2026-04-20T19:28:42.57Z" },
    { url = "https://files.pythonhosted.org/packages/6c/46/ebcf67a5999421331214aac51a7464db42de2be15bbe929c612a3ed0b039/ty-0.0.32-py3-none-manylinux_2_17_ppc64le.manylinux2014_ppc64le.whl", hash = "sha256:2b89969307ab2417d41c9be8059dd79feea577234e1e10d35132f5495e0d42c6", size = 11718718, upload-time = "2026-04-20T19:28:36.433Z" },
    { url = "https://files.pythonhosted.org/packages/18/2c/2141c86ed0ce0962b45cefb658a95e734f59759d47f20afdcd9c732910a1/ty-0.0.32-py3-none-manylinux_2_17_s390x.manylinux2014_s390x.whl", hash = "sha256:9b59868ede9b1d69a088f0d695df52a0061f95fa7baa1d5e0dc6fc9cf06e1334", size = 11346369, upload-time = "2026-04-20T19:28:48.967Z" },
    { url = "https://files.pythonhosted.org/packages/7a/da/ed6f772339cf29bd9a46def9d6db5084689eb574ee4d150ff704224c1ed8/ty-0.0.32-py3-none-manylinux_2_17_x86_64.manylinux2014_x86_64.whl", hash = "sha256:8300caf35345498e9b9b03e550bba03cee8f5f5f8ab4c83c3b1ff1b7403b7d3a", size = 11280714, upload-time = "2026-04-20T19:28:51.516Z" },
    { url = "https://files.pythonhosted.org/packages/da/9b/c6813987edf4816a40e0c8e408b555f97d3f267c7b3a1688c8bbdf65609c/ty-0.0.32-py3-none-musllinux_1_2_aarch64.whl", hash = "sha256:583c7094f4574b02f724db924f98b804d1387a0bd9405ecb5e078cc0f47fbcfb", size = 10638806, upload-time = "2026-04-20T19:28:29.651Z" },
    { url = "https://files.pythonhosted.org/packages/4e/d4/0cefcbd2ad0f3d51762ccf58e652ec7da146eb6ae34f87228f6254bbb8be/ty-0.0.32-py3-none-musllinux_1_2_armv7l.whl", hash = "sha256:e44ebe1bb4143a5628bc4db67ac0dfebe14594af671e4ee66f6f2e983da56501", size = 10726106, upload-time = "2026-04-20T19:29:06.3Z" },
    { url = "https://files.pythonhosted.org/packages/32/ad/2c8a97f91f06311f4367400f7d13534bbda2522c73c99a3e4c0757dff9b8/ty-0.0.32-py3-none-musllinux_1_2_i686.whl", hash = "sha256:06f17ada3e069cba6148342ef88e9929156beca8473e8d4f101b68f66c75643e", size = 10872951, upload-time = "2026-04-20T19:28:34.077Z" },
    { url = "https://files.pythonhosted.org/packages/ba/68/42293f9248106dd51875120971a5cc6ea315c2c4dcfb8e59aa063aa0af26/ty-0.0.32-py3-none-musllinux_1_2_x86_64.whl", hash = "sha256:e96e60fa556cec04f15d7ea62d2ceee5982bd389233e961ab9fd42304e278175", size = 11363334, upload-time = "2026-04-20T19:28:54.036Z" },
    { url = "https://files.pythonhosted.org/packages/df/92/be9abf4d3e589ad5023e2ea965b93e204ec856420d46adf73c5c36c04678/ty-0.0.32-py3-none-win32.whl", hash = "sha256:2ff2ebb4986b24aebcf1444db7db5ca41b36086040e95eea9f8fb851c11e805c", size = 10260689, upload-time = "2026-04-20T19:28:56.541Z" },
    { url = "https://files.pythonhosted.org/packages/14/61/dc86acea899349d2579cb8419aecedd83dc504d7d6a10df65eef546c8300/ty-0.0.32-py3-none-win_amd64.whl", hash = "sha256:ba7284a4a954b598c1b31500352b3ec1f89bff533825592b5958848226fdc7ee", size = 11255371, upload-time = "2026-04-20T19:28:39.917Z" },
    { url = "https://files.pythonhosted.org/packages/43/01/beffec56d71ca25b343ede63adb076456b5b3e211f1c066452a44cd120b3/ty-0.0.32-py3-none-win_arm64.whl", hash = "sha256:7e10aadbdbda989a7d567ee6a37f8b98d4d542e31e3b190a2879fd581f75d658", size = 10658087, upload-time = "2026-04-20T19:28:59.286Z" },
]

[[package]]
name = "wcwidth"
version = "0.6.0"
source = { registry = "https://pypi.org/simple" }
sdist = { url = "https://files.pythonhosted.org/packages/35/a2/8e3becb46433538a38726c948d3399905a4c7cabd0df578ede5dc51f0ec2/wcwidth-0.6.0.tar.gz", hash = "sha256:cdc4e4262d6ef9a1a57e018384cbeb1208d8abbc64176027e2c2455c81313159", size = 159684, upload-time = "2026-02-06T19:19:40.919Z" }
wheels = [
    { url = "https://files.pythonhosted.org/packages/68/5a/199c59e0a824a3db2b89c5d2dade7ab5f9624dbf6448dc291b46d5ec94d3/wcwidth-0.6.0-py3-none-any.whl", hash = "sha256:1a3a1e510b553315f8e146c54764f4fb6264ffad731b3d78088cdb1478ffbdad", size = 94189, upload-time = "2026-02-06T19:19:39.646Z" },
]

[[package]]
name = "yt-dlp"
version = "2026.3.17"
source = { registry = "https://pypi.org/simple" }
sdist = { url = "https://files.pythonhosted.org/packages/8b/34/7c6b4e3f89cb6416d2cd7ab6dab141a1df97ab0fb22d15816db2c92148c9/yt_dlp-2026.3.17.tar.gz", hash = "sha256:ba7aa31d533f1ffccfe70e421596d7ca8ff0bf1398dc6bb658b7d9dec057d2c9", size = 3119221, upload-time = "2026-03-17T23:43:00.244Z" }
wheels = [
    { url = "https://files.pythonhosted.org/packages/cd/13/5093bcb954878e50f7217fd2ab94282b53934022e4e4a03265582da83bf5/yt_dlp-2026.3.17-py3-none-any.whl", hash = "sha256:32992db94303a8a5d211a183f2174834fe7f8c29d83ed2e7a324eae97a8f26d8", size = 3315134, upload-time = "2026-03-17T23:42:57.863Z" },
]
